
Microsoft Visual Studio Solution File, Format Version 12.00
# Visual Studio 15
VisualStudioVersion = 15.0.28307.1082
MinimumVisualStudioVersion = 10.0.40219.1
Project("{FAE04EC0-301F-11D3-BF4B-00C04F79EFBC}") = "smartPulseSeleniumTest", "smartPulseSeleniumTest\smartPulseSeleniumTest.csproj", "{F2499F95-F419-437A-B041-8C7F71FDC023}"
EndProject
Global
	GlobalSection(SolutionConfigurationPlatforms) = preSolution
		Debug|Any CPU = Debug|Any CPU
		Release|Any CPU = Release|Any CPU
	EndGlobalSection
	GlobalSection(ProjectConfigurationPlatforms) = postSolution
		{F2499F95-F419-437A-B041-8C7F71FDC023}.Debug|Any CPU.ActiveCfg = Debug|Any CPU
		{F2499F95-F419-437A-B041-8C7F71FDC023}.Debug|Any CPU.Build.0 = Debug|Any CPU
		{F2499F95-F419-437A-B041-8C7F71FDC023}.Release|Any CPU.ActiveCfg = Release|Any CPU
		{F2499F95-F419-437A-B041-8C7F71FDC023}.Release|Any CPU.Build.0 = Release|Any CPU
	EndGlobalSection
	GlobalSection(SolutionProperties) = preSolution
		HideSolutionNode = FALSE
	EndGlobalSection
	GlobalSection(ExtensibilityGlobals) = postSolution
		SolutionGuid = {E0722CE5-0310-4120-A95F-7F21A133CC02}
	EndGlobalSection
EndGlobal
